<?xml version="1.0" encoding="utf-8"?>
<Project ToolsVersion="4.0" xmlns="http://schemas.microsoft.com/developer/msbuild/2003">
  <ItemGroup>
    <Filter Include="Sources">
      <UniqueIdentifier>{4FC737F1-C7A5-4376-A066-2A32D752A2FF}</UniqueIdentifier>
      <Extensions>cpp;c;cc;cxx;def;odl;idl;hpj;bat;asm;asmx</Extensions>
    </Filter>
    <Filter Include="Headers">
      <UniqueIdentifier>{21603add-e118-448d-91f9-110ed6508917}</UniqueIdentifier>
    </Filter>
  </ItemGroup>
  <ItemGroup>
    <ClInclude Include="include\MaiSense\Sensor.hpp">
      <Filter>Headers</Filter>
    </ClInclude>
    <ClInclude Include="include\MaiSense\InputController.hpp">
      <Filter>Headers</Filter>
    </ClInclude>
    <ClInclude Include="include\MaiSense\InputManager.hpp">
      <Filter>Headers</Filter>
    </ClInclude>
    <ClInclude Include="include\MaiSense\KeyboardController.hpp">
      <Filter>Headers</Filter>
    </ClInclude>
    <ClInclude Include="include\MaiSense\KeyEvent.hpp">
      <Filter>Headers</Filter>
    </ClInclude>
    <ClInclude Include="include\MaiSense\MouseController.hpp">
      <Filter>Headers</Filter>
    </ClInclude>
    <ClInclude Include="include\MaiSense\MouseEvent.hpp">
      <Filter>Headers</Filter>
    </ClInclude>
    <ClInclude Include="include\MaiSense\Point.hpp">
      <Filter>Headers</Filter>
    </ClInclude>
    <ClInclude Include="include\MaiSense\SensorChecker.hpp">
      <Filter>Headers</Filter>
    </ClInclude>
    <ClInclude Include="include\MaiSense\SensorProcessor.hpp">
      <Filter>Headers</Filter>
    </ClInclude>
    <ClInclude Include="include\MaiSense\SensorRegion.hpp">
      <Filter>Headers</Filter>
    </ClInclude>
    <ClInclude Include="include\MaiSense\TouchController.hpp">
      <Filter>Headers</Filter>
    </ClInclude>
    <ClInclude Include="include\MaiSense\TouchEvent.hpp">
      <Filter>Headers</Filter>
    </ClInclude>
  </ItemGroup>
  <ItemGroup>
    <ClCompile Include="src\Sensor.cpp">
      <Filter>Sources</Filter>
    </ClCompile>
    <ClCompile Include="src\dllmain.cpp">
      <Filter>Sources</Filter>
    </ClCompile>
    <ClCompile Include="src\InputManager.cpp">
      <Filter>Sources</Filter>
    </ClCompile>
    <ClCompile Include="src\KeyboardController.cpp">
      <Filter>Sources</Filter>
    </ClCompile>
    <ClCompile Include="src\MouseController.cpp">
      <Filter>Sources</Filter>
    </ClCompile>
    <ClCompile Include="src\SensorRegion.cpp">
      <Filter>Sources</Filter>
    </ClCompile>
    <ClCompile Include="src\TouchController.cpp">
      <Filter>Sources</Filter>
    </ClCompile>
    <ClCompile Include="src\SensorChecker.cpp">
      <Filter>Sources</Filter>
    </ClCompile>
    <ClCompile Include="src\SensorProcessor.cpp">
      <Filter>Sources</Filter>
    </ClCompile>
  </ItemGroup>
</Project>